{
    "composer/package-versions-deprecated": {
        "version": "1.11.99.1"
    },
    "doctrine/common": {
        "version": "3.1.0"
    },
    "doctrine/instantiator": {
        "version": "1.4.0"
    },
    "doctrine/orm": {
        "version": "2.8.1"
    },
    "laminas/laminas-code": {
        "version": "4.0.0"
    },
    "laminas/laminas-eventmanager": {
        "version": "3.3.0"
    },
    "laminas/laminas-zendframework-bridge": {
        "version": "1.1.1"
    },
    "ocramius/proxy-manager": {
        "version": "2.11.0"
    },
    "symfony/orm-pack": {
        "version": "v2.1.0"
    },
    "symfony/proxy-manager-bridge": {
        "version": "v5.2.1"
    },
    "webimpress/safe-writer": {
        "version": "2.1.0"
    }
}
